// !$*UTF8*$!
{
	archiveVersion = 1;
	classes = {
	};
	objectVersion = 48;
	objects = {

/* Begin PBXBuildFile section */
		77839D3E1FB25F0D007947CE /* AppDelegate.swift in Sources */ = {isa = PBXBuildFile; fileRef = 77839D3D1FB25F0D007947CE /* AppDelegate.swift */; };
		77839D401FB25F0D007947CE /* RecordSoundsViewController.swift in Sources */ = {isa = PBXBuildFile; fileRef = 77839D3F1FB25F0D007947CE /* RecordSoundsViewController.swift */; };
		77839D431FB25F0D007947CE /* Main.storyboard in Resources */ = {isa = PBXBuildFile; fileRef = 77839D411FB25F0D007947CE /* Main.storyboard */; };
		77839D451FB25F0D007947CE /* Assets.xcassets in Resources */ = {isa = PBXBuildFile; fileRef = 77839D441FB25F0D007947CE /* Assets.xcassets */; };
		77839D481FB25F0D007947CE /* LaunchScreen.storyboard in Resources */ = {isa = PBXBuildFile; fileRef = 77839D461FB25F0D007947CE /* LaunchScreen.storyboard */; };
		77839D501FB464ED007947CE /* PlaySoundsViewController.swift in Sources */ = {isa = PBXBuildFile; fileRef = 77839D4F1FB464ED007947CE /* PlaySoundsViewController.swift */; };
		77839D541FB4C71E007947CE /* PlaySoundsViewController+Audio.swift .swift in Sources */ = {isa = PBXBuildFile; fileRef = 77839D531FB4C71E007947CE /* PlaySoundsViewController+Audio.swift .swift */; };
/* End PBXBuildFile section */

/* Begin PBXFileReference section */
		77839D3A1FB25F0D007947CE /* PitchPerfect2.app */ = {isa = PBXFileReference; explicitFileType = wrapper.application; includeInIndex = 0; path = PitchPerfect2.app; sourceTree = BUILT_PRODUCTS_DIR; };
		77839D3D1FB25F0D007947CE /* AppDelegate.swift */ = {isa = PBXFileReference; lastKnownFileType = sourcecode.swift; path = AppDelegate.swift; sourceTree = "<group>"; };
		77839D3F1FB25F0D007947CE /* RecordSoundsViewController.swift */ = {isa = PBXFileReference; lastKnownFileType = sourcecode.swift; path = RecordSoundsViewController.swift; sourceTree = "<group>"; };
		77839D421FB25F0D007947CE /* Base */ = {isa = PBXFileReference; lastKnownFileType = file.storyboard; name = Base; path = Base.lproj/Main.storyboard; sourceTree = "<group>"; };
		77839D441FB25F0D007947CE /* Assets.xcassets */ = {isa = PBXFileReference; lastKnownFileType = folder.assetcatalog; path = Assets.xcassets; sourceTree = "<group>"; };
		77839D471FB25F0D007947CE /* Base */ = {isa = PBXFileReference; lastKnownFileType = file.storyboard; name = Base; path = Base.lproj/LaunchScreen.storyboard; sourceTree = "<group>"; };
		77839D491FB25F0D007947CE /* Info.plist */ = {isa = PBXFileReference; lastKnownFileType = text.plist.xml; path = Info.plist; sourceTree = "<group>"; };
		77839D4F1FB464ED007947CE /* PlaySoundsViewController.swift */ = {isa = PBXFileReference; lastKnownFileType = sourcecode.swift; path = PlaySoundsViewController.swift; sourceTree = "<group>"; };
		77839D531FB4C71E007947CE /* PlaySoundsViewController+Audio.swift .swift */ = {isa = PBXFileReference; lastKnownFileType = sourcecode.swift; path = "PlaySoundsViewController+Audio.swift .swift"; sourceTree = "<group>"; };
/* End PBXFileReference section */

/* Begin PBXFrameworksBuildPhase section */
		77839D371FB25F0D007947CE /* Frameworks */ = {
			isa = PBXFrameworksBuildPhase;
			buildActionMask = 2147483647;
			files = (
			);
			runOnlyForDeploymentPostprocessing = 0;
		};
/* End PBXFrameworksBuildPhase section */

/* Begin PBXGroup section */
		77839D311FB25F0D007947CE = {
			isa = PBXGroup;
			children = (
				77839D3C1FB25F0D007947CE /* PitchPerfect2 */,
				77839D3B1FB25F0D007947CE /* Products */,
			);
			sourceTree = "<group>";
		};
		77839D3B1FB25F0D007947CE /* Products */ = {
			isa = PBXGroup;
			children = (
				77839D3A1FB25F0D007947CE /* PitchPerfect2.app */,
			);
			name = Products;
			sourceTree = "<group>";
		};
		77839D3C1FB25F0D007947CE /* PitchPerfect2 */ = {
			isa = PBXGroup;
			children = (
				77839D3D1FB25F0D007947CE /* AppDelegate.swift */,
				77839D3F1FB25F0D007947CE /* RecordSoundsViewController.swift */,
				77839D411FB25F0D007947CE /* Main.storyboard */,
				77839D441FB25F0D007947CE /* Assets.xcassets */,
				77839D461FB25F0D007947CE /* LaunchScreen.storyboard */,
				77839D491FB25F0D007947CE /* Info.plist */,
				77839D4F1FB464ED007947CE /* PlaySoundsViewController.swift */,
				77839D531FB4C71E007947CE /* PlaySoundsViewController+Audio.swift .swift */,
			);
			path = PitchPerfect2;
			sourceTree = "<group>";
		};
/* End PBXGroup section */

/* Begin PBXNativeTarget section */
		77839D391FB25F0D007947CE /* PitchPerfect2 */ = {
			isa = PBXNativeTarget;
			buildConfigurationList = 77839D4C1FB25F0D007947CE /* Build configuration list for PBXNativeTarget "PitchPerfect2" */;
			buildPhases = (
				77839D361FB25F0D007947CE /* Sources */,
				77839D371FB25F0D007947CE /* Frameworks */,
				77839D381FB25F0D007947CE /* Resources */,
			);
			buildRules = (
			);
			dependencies = (
			);
			name = PitchPerfect2;
			productName = PitchPerfect2;
			productReference = 77839D3A1FB25F0D007947CE /* PitchPerfect2.app */;
			productType = "com.apple.product-type.application";
		};
/* End PBXNativeTarget section */

/* Begin PBXProject section */
		77839D321FB25F0D007947CE /* Project object */ = {
			isa = PBXProject;
			attributes = {
				LastSwiftUpdateCheck = 0910;
				LastUpgradeCheck = 0910;
				ORGANIZATIONNAME = scorrea92;
				TargetAttributes = {
					77839D391FB25F0D007947CE = {
						CreatedOnToolsVersion = 9.1;
						ProvisioningStyle = Automatic;
					};
				};
			};
			buildConfigurationList = 77839D351FB25F0D007947CE /* Build configuration list for PBXProject "PitchPerfect2" */;
			compatibilityVersion = "Xcode 8.0";
			developmentRegion = en;
			hasScannedForEncodings = 0;
			knownRegions = (
				en,
				Base,
			);
			mainGroup = 77839D311FB25F0D007947CE;
			productRefGroup = 77839D3B1FB25F0D007947CE /* Products */;
			projectDirPath = "";
			projectRoot = "";
			targets = (
				77839D391FB25F0D007947CE /* PitchPerfect2 */,
			);
		};
/* End PBXProject section */

/* Begin PBXResourcesBuildPhase section */
		77839D381FB25F0D007947CE /* Resources */ = {
			isa = PBXResourcesBuildPhase;
			buildActionMask = 2147483647;
			files = (
				77839D481FB25F0D007947CE /* LaunchScreen.storyboard in Resources */,
				77839D451FB25F0D007947CE /* Assets.xcassets in Resources */,
				77839D431FB25F0D007947CE /* Main.storyboard in Resources */,
			);
			runOnlyForDeploymentPostprocessing = 0;
		};
/* End PBXResourcesBuildPhase section */

/* Begin PBXSourcesBuildPhase section */
		77839D361FB25F0D007947CE /* Sources */ = {
			isa = PBXSourcesBuildPhase;
			buildActionMask = 2147483647;
			files = (
				77839D401FB25F0D007947CE /* RecordSoundsViewController.swift in Sources */,
				77839D501FB464ED007947CE /* PlaySoundsViewController.swift in Sources */,
				77839D3E1FB25F0D007947CE /* AppDelegate.swift in Sources */,
				77839D541FB4C71E007947CE /* PlaySoundsViewController+Audio.swift .swift in Sources */,
			);
			runOnlyForDeploymentPostprocessing = 0;
		};
/* End PBXSourcesBuildPhase section */

/* Begin PBXVariantGroup section */
		77839D411FB25F0D007947CE /* Main.storyboard */ = {
			isa = PBXVariantGroup;
			children = (
				77839D421FB25F0D007947CE /* Base */,
			);
			name = Main.storyboard;
			sourceTree = "<group>";
		};
		77839D461FB25F0D007947CE /* LaunchScreen.storyboard */ = {
			isa = PBXVariantGroup;
			children = (
				77839D471FB25F0D007947CE /* Base */,
			);
			name = LaunchScreen.storyboard;
			sourceTree = "<group>";
		};
/* End PBXVariantGroup section */

/* Begin XCBuildConfiguration section */
		77839D4A1FB25F0D007947CE /* Debug */ = {
			isa = XCBuildConfiguration;
			buildSettings = {
				ALWAYS_SEARCH_USER_PATHS = NO;
				CLANG_ANALYZER_NONNULL = YES;
				CLANG_ANALYZER_NUMBER_OBJECT_CONVERSION = YES_AGGRESSIVE;
				CLANG_CXX_LANGUAGE_STANDARD = "gnu++14";
				CLANG_CXX_LIBRARY = "libc++";
				CLANG_ENABLE_MODULES = YES;
				CLANG_ENABLE_OBJC_ARC = YES;
				CLANG_WARN_BLOCK_CAPTURE_AUTORELEASING = YES;
				CLANG_WARN_BOOL_CONVERSION = YES;
				CLANG_WARN_COMMA = YES;
				CLANG_WARN_CONSTANT_CONVERSION = YES;
				CLANG_WARN_DIRECT_OBJC_ISA_USAGE = YES_ERROR;
				CLANG_WARN_DOCUMENTATION_COMMENTS = YES;
				CLANG_WARN_EMPTY_BODY = YES;
				CLANG_WARN_ENUM_CONVERSION = YES;
				CLANG_WARN_INFINITE_RECURSION = YES;
				CLANG_WARN_INT_CONVERSION = YES;
				CLANG_WARN_NON_LITERAL_NULL_CONVERSION = YES;
				CLANG_WARN_OBJC_LITERAL_CONVERSION = YES;
				CLANG_WARN_OBJC_ROOT_CLASS = YES_ERROR;
				CLANG_WARN_RANGE_LOOP_ANALYSIS = YES;
				CLANG_WARN_STRICT_PROTOTYPES = YES;
				CLANG_WARN_SUSPICIOUS_MOVE = YES;
				CLANG_WARN_UNGUARDED_AVAILABILITY = YES_AGGRESSIVE;
				CLANG_WARN_UNREACHABLE_CODE = YES;
				CLANG_WARN__DUPLICATE_METHOD_MATCH = YES;
				CODE_SIGN_IDENTITY = "iPhone Developer";
				COPY_PHASE_STRIP = NO;
				DEBUG_INFORMATION_FORMAT = dwarf;
				ENABLE_STRICT_OBJC_MSGSEND = YES;
				ENABLE_TESTABILITY = YES;
				GCC_C_LANGUAGE_STANDARD = gnu11;
				GCC_DYNAMIC_NO_PIC = NO;
				GCC_NO_COMMON_BLOCKS = YES;
				GCC_OPTIMIZATION_LEVEL = 0;
				GCC_PREPROCESSOR_DEFINITIONS = (
					"DEBUG=1",
					"$(inherited)",
				);
				GCC_WARN_64_TO_32_BIT_CONVERSION = YES;
				GCC_WARN_ABOUT_RETURN_TYPE = YES_ERROR;
				GCC_WARN_UNDECLARED_SELECTOR = YES;
				GCC_WARN_UNINITIALIZED_AUTOS = YES_AGGRESSIVE;
				GCC_WARN_UNUSED_FUNCTION = YES;
				GCC_WARN_UNUSED_VARIABLE = YES;
				IPHONEOS_DEPLOYMENT_TARGET = 11.1;
				MTL_ENABLE_DEBUG_INFO = YES;
				ONLY_ACTIVE_ARCH = YES;
				SDKROOT = iphoneos;
				SWIFT_ACTIVE_COMPILATION_CONDITIONS = DEBUG;
				SWIFT_OPTIMIZATION_LEVEL = "-Onone";
			};
			name = Debug;
		};
		77839D4B1FB25F0D007947CE /* Release */ = {
			isa = XCBuildConfiguration;
			buildSettings = {
				ALWAYS_SEARCH_USER_PATHS = NO;
				CLANG_ANALYZER_NONNULL = YES;
				CLANG_ANALYZER_NUMBER_OBJECT_CONVERSION = YES_AGGRESSIVE;
				CLANG_CXX_LANGUAGE_STANDARD = "gnu++14";
				CLANG_CXX_LIBRARY = "libc++";
				CLANG_ENABLE_MODULES = YES;
				CLANG_ENABLE_OBJC_ARC = YES;
				CLANG_WARN_BLOCK_CAPTURE_AUTORELEASING = YES;
				CLANG_WARN_BOOL_CONVERSION = YES;
				CLANG_WARN_COMMA = YES;
				CLANG_WARN_CONSTANT_CONVERSION = YES;
				CLANG_WARN_DIRECT_OBJC_ISA_USAGE = YES_ERROR;
				CLANG_WARN_DOCUMENTATION_COMMENTS = YES;
				CLANG_WARN_EMPTY_BODY = YES;
				CLANG_WARN_ENUM_CONVERSION = YES;
				CLANG_WARN_INFINITE_RECURSION = YES;
				CLANG_WARN_INT_CONVERSION = YES;
				CLANG_WARN_NON_LITERAL_NULL_CONVERSION = YES;
				CLANG_WARN_OBJC_LITERAL_CONVERSION = YES;
				CLANG_WARN_OBJC_ROOT_CLASS = YES_ERROR;
				CLANG_WARN_RANGE_LOOP_ANALYSIS = YES;
				CLANG_WARN_STRICT_PROTOTYPES = YES;
				CLANG_WARN_SUSPICIOUS_MOVE = YES;
				CLANG_WARN_UNGUARDED_AVAILABILITY = YES_AGGRESSIVE;
				CLANG_WARN_UNREACHABLE_CODE = YES;
				CLANG_WARN__DUPLICATE_METHOD_MATCH = YES;
				CODE_SIGN_IDENTITY = "iPhone Developer";
				COPY_PHASE_STRIP = NO;
				DEBUG_INFORMATION_FORMAT = "dwarf-with-dsym";
				ENABLE_NS_ASSERTIONS = NO;
				ENABLE_STRICT_OBJC_MSGSEND = YES;
				GCC_C_LANGUAGE_STANDARD = gnu11;
				GCC_NO_COMMON_BLOCKS = YES;
				GCC_WARN_64_TO_32_BIT_CONVERSION = YES;
				GCC_WARN_ABOUT_RETURN_TYPE = YES_ERROR;
				GCC_WARN_UNDECLARED_SELECTOR = YES;
				GCC_WARN_UNINITIALIZED_AUTOS = YES_AGGRESSIVE;
				GCC_WARN_UNUSED_FUNCTION = YES;
				GCC_WARN_UNUSED_VARIABLE = YES;
				IPHONEOS_DEPLOYMENT_TARGET = 11.1;
				MTL_ENABLE_DEBUG_INFO = NO;
				SDKROOT = iphoneos;
				SWIFT_OPTIMIZATION_LEVEL = "-Owholemodule";
				VALIDATE_PRODUCT = YES;
			};
			name = Release;
		};
		77839D4D1FB25F0D007947CE /* Debug */ = {
			isa = XCBuildConfiguration;
			buildSettings = {
				ASSETCATALOG_COMPILER_APPICON_NAME = AppIcon;
				CODE_SIGN_STYLE = Automatic;
				DEVELOPMENT_TEAM = RBSE3W794Y;
				INFOPLIST_FILE = PitchPerfect2/Info.plist;
				LD_RUNPATH_SEARCH_PATHS = "$(inherited) @executable_path/Frameworks";
				PRODUCT_BUNDLE_IDENTIFIER = scorrea92.PitchPerfect2;
				PRODUCT_NAME = "$(TARGET_NAME)";
				SWIFT_VERSION = 4.0;
				TARGETED_DEVICE_FAMILY = "1,2";
			};
			name = Debug;
		};
		77839D4E1FB25F0D007947CE /* Release */ = {
			isa = XCBuildConfiguration;
			buildSettings = {
				ASSETCATALOG_COMPILER_APPICON_NAME = AppIcon;
				CODE_SIGN_STYLE = Automatic;
				DEVELOPMENT_TEAM = RBSE3W794Y;
				INFOPLIST_FILE = PitchPerfect2/Info.plist;
				LD_RUNPATH_SEARCH_PATHS = "$(inherited) @executable_path/Frameworks";
				PRODUCT_BUNDLE_IDENTIFIER = scorrea92.PitchPerfect2;
				PRODUCT_NAME = "$(TARGET_NAME)";
				SWIFT_VERSION = 4.0;
				TARGETED_DEVICE_FAMILY = "1,2";
			};
			name = Release;
		};
/* End XCBuildConfiguration section */

/* Begin XCConfigurationList section */
		77839D351FB25F0D007947CE /* Build configuration list for PBXProject "PitchPerfect2" */ = {
			isa = XCConfigurationList;
			buildConfigurations = (
				77839D4A1FB25F0D007947CE /* Debug */,
				77839D4B1FB25F0D007947CE /* Release */,
			);
			defaultConfigurationIsVisible = 0;
			defaultConfigurationName = Release;
		};
		77839D4C1FB25F0D007947CE /* Build configuration list for PBXNativeTarget "PitchPerfect2" */ = {
			isa = XCConfigurationList;
			buildConfigurations = (
				77839D4D1FB25F0D007947CE /* Debug */,
				77839D4E1FB25F0D007947CE /* Release */,
			);
			defaultConfigurationIsVisible = 0;
			defaultConfigurationName = Release;
		};
/* End XCConfigurationList section */
	};
	rootObject = 77839D321FB25F0D007947CE /* Project object */;
}
